// !$*UTF8*$!
{
	archiveVersion = 1;
	classes = {
	};
	objectVersion = 46;
	objects = {

/* Begin PBXBuildFile section */
		ABC3BDBA1CF9EBD000281E93 /* AppDelegate.swift in Sources */ = {isa = PBXBuildFile; fileRef = ABC3BDB91CF9EBD000281E93 /* AppDelegate.swift */; };
		ABC3BDBF1CF9EBD000281E93 /* Main.storyboard in Resources */ = {isa = PBXBuildFile; fileRef = ABC3BDBD1CF9EBD000281E93 /* Main.storyboard */; };
		ABC3BDC11CF9EBD000281E93 /* Assets.xcassets in Resources */ = {isa = PBXBuildFile; fileRef = ABC3BDC01CF9EBD000281E93 /* Assets.xcassets */; };
		ABC3BDC41CF9EBD000281E93 /* LaunchScreen.storyboard in Resources */ = {isa = PBXBuildFile; fileRef = ABC3BDC21CF9EBD000281E93 /* LaunchScreen.storyboard */; };
		ABC3BDCF1CF9EBD000281E93 /* skywinappTests.swift in Sources */ = {isa = PBXBuildFile; fileRef = ABC3BDCE1CF9EBD000281E93 /* skywinappTests.swift */; };
		ABC3BDDA1CF9EBD100281E93 /* skywinappUITests.swift in Sources */ = {isa = PBXBuildFile; fileRef = ABC3BDD91CF9EBD100281E93 /* skywinappUITests.swift */; };
		ABC3BDE91CF9F36600281E93 /* results.json in Resources */ = {isa = PBXBuildFile; fileRef = ABC3BDE81CF9F36600281E93 /* results.json */; };
		ABC3BDEB1CF9F56300281E93 /* SWEngine.swift in Sources */ = {isa = PBXBuildFile; fileRef = ABC3BDEA1CF9F56300281E93 /* SWEngine.swift */; };
		ABC3BDF11CFA0C1400281E93 /* SWDashboardTableViewController.swift in Sources */ = {isa = PBXBuildFile; fileRef = ABC3BDF01CFA0C1400281E93 /* SWDashboardTableViewController.swift */; };
		ABC3BDF31CFA1E8D00281E93 /* GettyImages-493260332.jpg in Resources */ = {isa = PBXBuildFile; fileRef = ABC3BDF21CFA1E8D00281E93 /* GettyImages-493260332.jpg */; };
		D04291E8057F4AF9958B5347 /* Pods_skywinapp.framework in Frameworks */ = {isa = PBXBuildFile; fileRef = 534727041A009B01FB363085 /* Pods_skywinapp.framework */; };
/* End PBXBuildFile section */

/* Begin PBXContainerItemProxy section */
		ABC3BDCB1CF9EBD000281E93 /* PBXContainerItemProxy */ = {
			isa = PBXContainerItemProxy;
			containerPortal = ABC3BDAE1CF9EBD000281E93 /* Project object */;
			proxyType = 1;
			remoteGlobalIDString = ABC3BDB51CF9EBD000281E93;
			remoteInfo = skywinapp;
		};
		ABC3BDD61CF9EBD000281E93 /* PBXContainerItemProxy */ = {
			isa = PBXContainerItemProxy;
			containerPortal = ABC3BDAE1CF9EBD000281E93 /* Project object */;
			proxyType = 1;
			remoteGlobalIDString = ABC3BDB51CF9EBD000281E93;
			remoteInfo = skywinapp;
		};
/* End PBXContainerItemProxy section */

/* Begin PBXFileReference section */
		061BB2F0DDD58448F261DF90 /* Pods-skywinapp.release.xcconfig */ = {isa = PBXFileReference; includeInIndex = 1; lastKnownFileType = text.xcconfig; name = "Pods-skywinapp.release.xcconfig"; path = "Pods/Target Support Files/Pods-skywinapp/Pods-skywinapp.release.xcconfig"; sourceTree = "<group>"; };
		534727041A009B01FB363085 /* Pods_skywinapp.framework */ = {isa = PBXFileReference; explicitFileType = wrapper.framework; includeInIndex = 0; path = Pods_skywinapp.framework; sourceTree = BUILT_PRODUCTS_DIR; };
		65AF6465488B150C3F2B0A7E /* Pods-skywinapp.debug.xcconfig */ = {isa = PBXFileReference; includeInIndex = 1; lastKnownFileType = text.xcconfig; name = "Pods-skywinapp.debug.xcconfig"; path = "Pods/Target Support Files/Pods-skywinapp/Pods-skywinapp.debug.xcconfig"; sourceTree = "<group>"; };
		ABC3BDB61CF9EBD000281E93 /* skywinapp.app */ = {isa = PBXFileReference; explicitFileType = wrapper.application; includeInIndex = 0; path = skywinapp.app; sourceTree = BUILT_PRODUCTS_DIR; };
		ABC3BDB91CF9EBD000281E93 /* AppDelegate.swift */ = {isa = PBXFileReference; lastKnownFileType = sourcecode.swift; path = AppDelegate.swift; sourceTree = "<group>"; };
		ABC3BDBE1CF9EBD000281E93 /* Base */ = {isa = PBXFileReference; lastKnownFileType = file.storyboard; name = Base; path = Base.lproj/Main.storyboard; sourceTree = "<group>"; };
		ABC3BDC01CF9EBD000281E93 /* Assets.xcassets */ = {isa = PBXFileReference; lastKnownFileType = folder.assetcatalog; path = Assets.xcassets; sourceTree = "<group>"; };
		ABC3BDC31CF9EBD000281E93 /* Base */ = {isa = PBXFileReference; lastKnownFileType = file.storyboard; name = Base; path = Base.lproj/LaunchScreen.storyboard; sourceTree = "<group>"; };
		ABC3BDC51CF9EBD000281E93 /* Info.plist */ = {isa = PBXFileReference; lastKnownFileType = text.plist.xml; path = Info.plist; sourceTree = "<group>"; };
		ABC3BDCA1CF9EBD000281E93 /* skywinappTests.xctest */ = {isa = PBXFileReference; explicitFileType = wrapper.cfbundle; includeInIndex = 0; path = skywinappTests.xctest; sourceTree = BUILT_PRODUCTS_DIR; };
		ABC3BDCE1CF9EBD000281E93 /* skywinappTests.swift */ = {isa = PBXFileReference; lastKnownFileType = sourcecode.swift; path = skywinappTests.swift; sourceTree = "<group>"; };
		ABC3BDD01CF9EBD000281E93 /* Info.plist */ = {isa = PBXFileReference; lastKnownFileType = text.plist.xml; path = Info.plist; sourceTree = "<group>"; };
		ABC3BDD51CF9EBD000281E93 /* skywinappUITests.xctest */ = {isa = PBXFileReference; explicitFileType = wrapper.cfbundle; includeInIndex = 0; path = skywinappUITests.xctest; sourceTree = BUILT_PRODUCTS_DIR; };
		ABC3BDD91CF9EBD100281E93 /* skywinappUITests.swift */ = {isa = PBXFileReference; lastKnownFileType = sourcecode.swift; path = skywinappUITests.swift; sourceTree = "<group>"; };
		ABC3BDDB1CF9EBD100281E93 /* Info.plist */ = {isa = PBXFileReference; lastKnownFileType = text.plist.xml; path = Info.plist; sourceTree = "<group>"; };
		ABC3BDE81CF9F36600281E93 /* results.json */ = {isa = PBXFileReference; fileEncoding = 4; lastKnownFileType = text.json; path = results.json; sourceTree = "<group>"; };
		ABC3BDEA1CF9F56300281E93 /* SWEngine.swift */ = {isa = PBXFileReference; fileEncoding = 4; lastKnownFileType = sourcecode.swift; path = SWEngine.swift; sourceTree = "<group>"; };
		ABC3BDF01CFA0C1400281E93 /* SWDashboardTableViewController.swift */ = {isa = PBXFileReference; fileEncoding = 4; lastKnownFileType = sourcecode.swift; path = SWDashboardTableViewController.swift; sourceTree = "<group>"; };
		ABC3BDF21CFA1E8D00281E93 /* GettyImages-493260332.jpg */ = {isa = PBXFileReference; lastKnownFileType = image.jpeg; path = "GettyImages-493260332.jpg"; sourceTree = "<group>"; };
/* End PBXFileReference section */

/* Begin PBXFrameworksBuildPhase section */
		ABC3BDB31CF9EBD000281E93 /* Frameworks */ = {
			isa = PBXFrameworksBuildPhase;
			buildActionMask = 2147483647;
			files = (
				D04291E8057F4AF9958B5347 /* Pods_skywinapp.framework in Frameworks */,
			);
			runOnlyForDeploymentPostprocessing = 0;
		};
		ABC3BDC71CF9EBD000281E93 /* Frameworks */ = {
			isa = PBXFrameworksBuildPhase;
			buildActionMask = 2147483647;
			files = (
			);
			runOnlyForDeploymentPostprocessing = 0;
		};
		ABC3BDD21CF9EBD000281E93 /* Frameworks */ = {
			isa = PBXFrameworksBuildPhase;
			buildActionMask = 2147483647;
			files = (
			);
			runOnlyForDeploymentPostprocessing = 0;
		};
/* End PBXFrameworksBuildPhase section */

/* Begin PBXGroup section */
		5857E6D90E514DDE19FACEF3 /* Pods */ = {
			isa = PBXGroup;
			children = (
				65AF6465488B150C3F2B0A7E /* Pods-skywinapp.debug.xcconfig */,
				061BB2F0DDD58448F261DF90 /* Pods-skywinapp.release.xcconfig */,
			);
			name = Pods;
			sourceTree = "<group>";
		};
		ABC3BDAD1CF9EBD000281E93 = {
			isa = PBXGroup;
			children = (
				ABC3BDE71CF9F36600281E93 /* resources */,
				ABC3BDB81CF9EBD000281E93 /* skywinapp */,
				ABC3BDCD1CF9EBD000281E93 /* skywinappTests */,
				ABC3BDD81CF9EBD100281E93 /* skywinappUITests */,
				ABC3BDB71CF9EBD000281E93 /* Products */,
				5857E6D90E514DDE19FACEF3 /* Pods */,
				E496B2D18868F3229AE7DDD9 /* Frameworks */,
			);
			sourceTree = "<group>";
		};
		ABC3BDB71CF9EBD000281E93 /* Products */ = {
			isa = PBXGroup;
			children = (
				ABC3BDB61CF9EBD000281E93 /* skywinapp.app */,
				ABC3BDCA1CF9EBD000281E93 /* skywinappTests.xctest */,
				ABC3BDD51CF9EBD000281E93 /* skywinappUITests.xctest */,
			);
			name = Products;
			sourceTree = "<group>";
		};
		ABC3BDB81CF9EBD000281E93 /* skywinapp */ = {
			isa = PBXGroup;
			children = (
				ABC3BDF21CFA1E8D00281E93 /* GettyImages-493260332.jpg */,
				ABC3BDB91CF9EBD000281E93 /* AppDelegate.swift */,
				ABC3BDBD1CF9EBD000281E93 /* Main.storyboard */,
				ABC3BDC01CF9EBD000281E93 /* Assets.xcassets */,
				ABC3BDC21CF9EBD000281E93 /* LaunchScreen.storyboard */,
				ABC3BDC51CF9EBD000281E93 /* Info.plist */,
				ABC3BDEA1CF9F56300281E93 /* SWEngine.swift */,
				ABC3BDF01CFA0C1400281E93 /* SWDashboardTableViewController.swift */,
			);
			path = skywinapp;
			sourceTree = "<group>";
		};
		ABC3BDCD1CF9EBD000281E93 /* skywinappTests */ = {
			isa = PBXGroup;
			children = (
				ABC3BDCE1CF9EBD000281E93 /* skywinappTests.swift */,
				ABC3BDD01CF9EBD000281E93 /* Info.plist */,
			);
			path = skywinappTests;
			sourceTree = "<group>";
		};
		ABC3BDD81CF9EBD100281E93 /* skywinappUITests */ = {
			isa = PBXGroup;
			children = (
				ABC3BDD91CF9EBD100281E93 /* skywinappUITests.swift */,
				ABC3BDDB1CF9EBD100281E93 /* Info.plist */,
			);
			path = skywinappUITests;
			sourceTree = "<group>";
		};
		ABC3BDE71CF9F36600281E93 /* resources */ = {
			isa = PBXGroup;
			children = (
				ABC3BDE81CF9F36600281E93 /* results.json */,
			);
			name = resources;
			path = ../resources;
			sourceTree = "<group>";
		};
		E496B2D18868F3229AE7DDD9 /* Frameworks */ = {
			isa = PBXGroup;
			children = (
				534727041A009B01FB363085 /* Pods_skywinapp.framework */,
			);
			name = Frameworks;
			sourceTree = "<group>";
		};
/* End PBXGroup section */

/* Begin PBXNativeTarget section */
		ABC3BDB51CF9EBD000281E93 /* skywinapp */ = {
			isa = PBXNativeTarget;
			buildConfigurationList = ABC3BDDE1CF9EBD100281E93 /* Build configuration list for PBXNativeTarget "skywinapp" */;
			buildPhases = (
				5071BF65B001FBFF0226B28A /* 📦 Check Pods Manifest.lock */,
				ABC3BDB21CF9EBD000281E93 /* Sources */,
				ABC3BDB31CF9EBD000281E93 /* Frameworks */,
				ABC3BDB41CF9EBD000281E93 /* Resources */,
				2491209A0513E33CC9E43CA3 /* 📦 Embed Pods Frameworks */,
				73C74E605E337F8731767403 /* 📦 Copy Pods Resources */,
			);
			buildRules = (
			);
			dependencies = (
			);
			name = skywinapp;
			productName = skywinapp;
			productReference = ABC3BDB61CF9EBD000281E93 /* skywinapp.app */;
			productType = "com.apple.product-type.application";
		};
		ABC3BDC91CF9EBD000281E93 /* skywinappTests */ = {
			isa = PBXNativeTarget;
			buildConfigurationList = ABC3BDE11CF9EBD100281E93 /* Build configuration list for PBXNativeTarget "skywinappTests" */;
			buildPhases = (
				ABC3BDC61CF9EBD000281E93 /* Sources */,
				ABC3BDC71CF9EBD000281E93 /* Frameworks */,
				ABC3BDC81CF9EBD000281E93 /* Resources */,
			);
			buildRules = (
			);
			dependencies = (
				ABC3BDCC1CF9EBD000281E93 /* PBXTargetDependency */,
			);
			name = skywinappTests;
			productName = skywinappTests;
			productReference = ABC3BDCA1CF9EBD000281E93 /* skywinappTests.xctest */;
			productType = "com.apple.product-type.bundle.unit-test";
		};
		ABC3BDD41CF9EBD000281E93 /* skywinappUITests */ = {
			isa = PBXNativeTarget;
			buildConfigurationList = ABC3BDE41CF9EBD100281E93 /* Build configuration list for PBXNativeTarget "skywinappUITests" */;
			buildPhases = (
				ABC3BDD11CF9EBD000281E93 /* Sources */,
				ABC3BDD21CF9EBD000281E93 /* Frameworks */,
				ABC3BDD31CF9EBD000281E93 /* Resources */,
			);
			buildRules = (
			);
			dependencies = (
				ABC3BDD71CF9EBD000281E93 /* PBXTargetDependency */,
			);
			name = skywinappUITests;
			productName = skywinappUITests;
			productReference = ABC3BDD51CF9EBD000281E93 /* skywinappUITests.xctest */;
			productType = "com.apple.product-type.bundle.ui-testing";
		};
/* End PBXNativeTarget section */

/* Begin PBXProject section */
		ABC3BDAE1CF9EBD000281E93 /* Project object */ = {
			isa = PBXProject;
			attributes = {
				LastSwiftUpdateCheck = 0730;
				LastUpgradeCheck = 0730;
				ORGANIZATIONNAME = Matteo;
				TargetAttributes = {
					ABC3BDB51CF9EBD000281E93 = {
						CreatedOnToolsVersion = 7.3.1;
					};
					ABC3BDC91CF9EBD000281E93 = {
						CreatedOnToolsVersion = 7.3.1;
						TestTargetID = ABC3BDB51CF9EBD000281E93;
					};
					ABC3BDD41CF9EBD000281E93 = {
						CreatedOnToolsVersion = 7.3.1;
						TestTargetID = ABC3BDB51CF9EBD000281E93;
					};
				};
			};
			buildConfigurationList = ABC3BDB11CF9EBD000281E93 /* Build configuration list for PBXProject "skywinapp" */;
			compatibilityVersion = "Xcode 3.2";
			developmentRegion = English;
			hasScannedForEncodings = 0;
			knownRegions = (
				en,
				Base,
			);
			mainGroup = ABC3BDAD1CF9EBD000281E93;
			productRefGroup = ABC3BDB71CF9EBD000281E93 /* Products */;
			projectDirPath = "";
			projectRoot = "";
			targets = (
				ABC3BDB51CF9EBD000281E93 /* skywinapp */,
				ABC3BDC91CF9EBD000281E93 /* skywinappTests */,
				ABC3BDD41CF9EBD000281E93 /* skywinappUITests */,
			);
		};
/* End PBXProject section */

/* Begin PBXResourcesBuildPhase section */
		ABC3BDB41CF9EBD000281E93 /* Resources */ = {
			isa = PBXResourcesBuildPhase;
			buildActionMask = 2147483647;
			files = (
				ABC3BDC41CF9EBD000281E93 /* LaunchScreen.storyboard in Resources */,
				ABC3BDC11CF9EBD000281E93 /* Assets.xcassets in Resources */,
				ABC3BDF31CFA1E8D00281E93 /* GettyImages-493260332.jpg in Resources */,
				ABC3BDE91CF9F36600281E93 /* results.json in Resources */,
				ABC3BDBF1CF9EBD000281E93 /* Main.storyboard in Resources */,
			);
			runOnlyForDeploymentPostprocessing = 0;
		};
		ABC3BDC81CF9EBD000281E93 /* Resources */ = {
			isa = PBXResourcesBuildPhase;
			buildActionMask = 2147483647;
			files = (
			);
			runOnlyForDeploymentPostprocessing = 0;
		};
		ABC3BDD31CF9EBD000281E93 /* Resources */ = {
			isa = PBXResourcesBuildPhase;
			buildActionMask = 2147483647;
			files = (
			);
			runOnlyForDeploymentPostprocessing = 0;
		};
/* End PBXResourcesBuildPhase section */

/* Begin PBXShellScriptBuildPhase section */
		2491209A0513E33CC9E43CA3 /* 📦 Embed Pods Frameworks */ = {
			isa = PBXShellScriptBuildPhase;
			buildActionMask = 2147483647;
			files = (
			);
			inputPaths = (
			);
			name = "📦 Embed Pods Frameworks";
			outputPaths = (
			);
			runOnlyForDeploymentPostprocessing = 0;
			shellPath = /bin/sh;
			shellScript = "\"${SRCROOT}/Pods/Target Support Files/Pods-skywinapp/Pods-skywinapp-frameworks.sh\"\n";
			showEnvVarsInLog = 0;
		};
		5071BF65B001FBFF0226B28A /* 📦 Check Pods Manifest.lock */ = {
			isa = PBXShellScriptBuildPhase;
			buildActionMask = 2147483647;
			files = (
			);
			inputPaths = (
			);
			name = "📦 Check Pods Manifest.lock";
			outputPaths = (
			);
			runOnlyForDeploymentPostprocessing = 0;
			shellPath = /bin/sh;
			shellScript = "diff \"${PODS_ROOT}/../Podfile.lock\" \"${PODS_ROOT}/Manifest.lock\" > /dev/null\nif [[ $? != 0 ]] ; then\n    cat << EOM\nerror: The sandbox is not in sync with the Podfile.lock. Run 'pod install' or update your CocoaPods installation.\nEOM\n    exit 1\nfi\n";
			showEnvVarsInLog = 0;
		};
		73C74E605E337F8731767403 /* 📦 Copy Pods Resources */ = {
			isa = PBXShellScriptBuildPhase;
			buildActionMask = 2147483647;
			files = (
			);
			inputPaths = (
			);
			name = "📦 Copy Pods Resources";
			outputPaths = (
			);
			runOnlyForDeploymentPostprocessing = 0;
			shellPath = /bin/sh;
			shellScript = "\"${SRCROOT}/Pods/Target Support Files/Pods-skywinapp/Pods-skywinapp-resources.sh\"\n";
			showEnvVarsInLog = 0;
		};
/* End PBXShellScriptBuildPhase section */

/* Begin PBXSourcesBuildPhase section */
		ABC3BDB21CF9EBD000281E93 /* Sources */ = {
			isa = PBXSourcesBuildPhase;
			buildActionMask = 2147483647;
			files = (
				ABC3BDF11CFA0C1400281E93 /* SWDashboardTableViewController.swift in Sources */,
				ABC3BDBA1CF9EBD000281E93 /* AppDelegate.swift in Sources */,
				ABC3BDEB1CF9F56300281E93 /* SWEngine.swift in Sources */,
			);
			runOnlyForDeploymentPostprocessing = 0;
		};
		ABC3BDC61CF9EBD000281E93 /* Sources */ = {
			isa = PBXSourcesBuildPhase;
			buildActionMask = 2147483647;
			files = (
				ABC3BDCF1CF9EBD000281E93 /* skywinappTests.swift in Sources */,
			);
			runOnlyForDeploymentPostprocessing = 0;
		};
		ABC3BDD11CF9EBD000281E93 /* Sources */ = {
			isa = PBXSourcesBuildPhase;
			buildActionMask = 2147483647;
			files = (
				ABC3BDDA1CF9EBD100281E93 /* skywinappUITests.swift in Sources */,
			);
			runOnlyForDeploymentPostprocessing = 0;
		};
/* End PBXSourcesBuildPhase section */

/* Begin PBXTargetDependency section */
		ABC3BDCC1CF9EBD000281E93 /* PBXTargetDependency */ = {
			isa = PBXTargetDependency;
			target = ABC3BDB51CF9EBD000281E93 /* skywinapp */;
			targetProxy = ABC3BDCB1CF9EBD000281E93 /* PBXContainerItemProxy */;
		};
		ABC3BDD71CF9EBD000281E93 /* PBXTargetDependency */ = {
			isa = PBXTargetDependency;
			target = ABC3BDB51CF9EBD000281E93 /* skywinapp */;
			targetProxy = ABC3BDD61CF9EBD000281E93 /* PBXContainerItemProxy */;
		};
/* End PBXTargetDependency section */

/* Begin PBXVariantGroup section */
		ABC3BDBD1CF9EBD000281E93 /* Main.storyboard */ = {
			isa = PBXVariantGroup;
			children = (
				ABC3BDBE1CF9EBD000281E93 /* Base */,
			);
			name = Main.storyboard;
			sourceTree = "<group>";
		};
		ABC3BDC21CF9EBD000281E93 /* LaunchScreen.storyboard */ = {
			isa = PBXVariantGroup;
			children = (
				ABC3BDC31CF9EBD000281E93 /* Base */,
			);
			name = LaunchScreen.storyboard;
			sourceTree = "<group>";
		};
/* End PBXVariantGroup section */

/* Begin XCBuildConfiguration section */
		ABC3BDDC1CF9EBD100281E93 /* Debug */ = {
			isa = XCBuildConfiguration;
			buildSettings = {
				ALWAYS_SEARCH_USER_PATHS = NO;
				CLANG_ANALYZER_NONNULL = YES;
				CLANG_CXX_LANGUAGE_STANDARD = "gnu++0x";
				CLANG_CXX_LIBRARY = "libc++";
				CLANG_ENABLE_MODULES = YES;
				CLANG_ENABLE_OBJC_ARC = YES;
				CLANG_WARN_BOOL_CONVERSION = YES;
				CLANG_WARN_CONSTANT_CONVERSION = YES;
				CLANG_WARN_DIRECT_OBJC_ISA_USAGE = YES_ERROR;
				CLANG_WARN_EMPTY_BODY = YES;
				CLANG_WARN_ENUM_CONVERSION = YES;
				CLANG_WARN_INT_CONVERSION = YES;
				CLANG_WARN_OBJC_ROOT_CLASS = YES_ERROR;
				CLANG_WARN_UNREACHABLE_CODE = YES;
				CLANG_WARN__DUPLICATE_METHOD_MATCH = YES;
				"CODE_SIGN_IDENTITY[sdk=iphoneos*]" = "iPhone Developer";
				COPY_PHASE_STRIP = NO;
				DEBUG_INFORMATION_FORMAT = dwarf;
				ENABLE_STRICT_OBJC_MSGSEND = YES;
				ENABLE_TESTABILITY = YES;
				GCC_C_LANGUAGE_STANDARD = gnu99;
				GCC_DYNAMIC_NO_PIC = NO;
				GCC_NO_COMMON_BLOCKS = YES;
				GCC_OPTIMIZATION_LEVEL = 0;
				GCC_PREPROCESSOR_DEFINITIONS = (
					"DEBUG=1",
					"$(inherited)",
				);
				GCC_WARN_64_TO_32_BIT_CONVERSION = YES;
				GCC_WARN_ABOUT_RETURN_TYPE = YES_ERROR;
				GCC_WARN_UNDECLARED_SELECTOR = YES;
				GCC_WARN_UNINITIALIZED_AUTOS = YES_AGGRESSIVE;
				GCC_WARN_UNUSED_FUNCTION = YES;
				GCC_WARN_UNUSED_VARIABLE = YES;
				IPHONEOS_DEPLOYMENT_TARGET = 9.3;
				MTL_ENABLE_DEBUG_INFO = YES;
				ONLY_ACTIVE_ARCH = YES;
				SDKROOT = iphoneos;
				SWIFT_OPTIMIZATION_LEVEL = "-Onone";
				TARGETED_DEVICE_FAMILY = "1,2";
			};
			name = Debug;
		};
		ABC3BDDD1CF9EBD100281E93 /* Release */ = {
			isa = XCBuildConfiguration;
			buildSettings = {
				ALWAYS_SEARCH_USER_PATHS = NO;
				CLANG_ANALYZER_NONNULL = YES;
				CLANG_CXX_LANGUAGE_STANDARD = "gnu++0x";
				CLANG_CXX_LIBRARY = "libc++";
				CLANG_ENABLE_MODULES = YES;
				CLANG_ENABLE_OBJC_ARC = YES;
				CLANG_WARN_BOOL_CONVERSION = YES;
				CLANG_WARN_CONSTANT_CONVERSION = YES;
				CLANG_WARN_DIRECT_OBJC_ISA_USAGE = YES_ERROR;
				CLANG_WARN_EMPTY_BODY = YES;
				CLANG_WARN_ENUM_CONVERSION = YES;
				CLANG_WARN_INT_CONVERSION = YES;
				CLANG_WARN_OBJC_ROOT_CLASS = YES_ERROR;
				CLANG_WARN_UNREACHABLE_CODE = YES;
				CLANG_WARN__DUPLICATE_METHOD_MATCH = YES;
				"CODE_SIGN_IDENTITY[sdk=iphoneos*]" = "iPhone Developer";
				COPY_PHASE_STRIP = NO;
				DEBUG_INFORMATION_FORMAT = "dwarf-with-dsym";
				ENABLE_NS_ASSERTIONS = NO;
				ENABLE_STRICT_OBJC_MSGSEND = YES;
				GCC_C_LANGUAGE_STANDARD = gnu99;
				GCC_NO_COMMON_BLOCKS = YES;
				GCC_WARN_64_TO_32_BIT_CONVERSION = YES;
				GCC_WARN_ABOUT_RETURN_TYPE = YES_ERROR;
				GCC_WARN_UNDECLARED_SELECTOR = YES;
				GCC_WARN_UNINITIALIZED_AUTOS = YES_AGGRESSIVE;
				GCC_WARN_UNUSED_FUNCTION = YES;
				GCC_WARN_UNUSED_VARIABLE = YES;
				IPHONEOS_DEPLOYMENT_TARGET = 9.3;
				MTL_ENABLE_DEBUG_INFO = NO;
				SDKROOT = iphoneos;
				TARGETED_DEVICE_FAMILY = "1,2";
				VALIDATE_PRODUCT = YES;
			};
			name = Release;
		};
		ABC3BDDF1CF9EBD100281E93 /* Debug */ = {
			isa = XCBuildConfiguration;
			baseConfigurationReference = 65AF6465488B150C3F2B0A7E /* Pods-skywinapp.debug.xcconfig */;
			buildSettings = {
				ASSETCATALOG_COMPILER_APPICON_NAME = AppIcon;
				INFOPLIST_FILE = skywinapp/Info.plist;
				LD_RUNPATH_SEARCH_PATHS = "$(inherited) @executable_path/Frameworks";
				PRODUCT_BUNDLE_IDENTIFIER = com.funambol.skywinapp;
				PRODUCT_NAME = "$(TARGET_NAME)";
			};
			name = Debug;
		};
		ABC3BDE01CF9EBD100281E93 /* Release */ = {
			isa = XCBuildConfiguration;
			baseConfigurationReference = 061BB2F0DDD58448F261DF90 /* Pods-skywinapp.release.xcconfig */;
			buildSettings = {
				ASSETCATALOG_COMPILER_APPICON_NAME = AppIcon;
				INFOPLIST_FILE = skywinapp/Info.plist;
				LD_RUNPATH_SEARCH_PATHS = "$(inherited) @executable_path/Frameworks";
				PRODUCT_BUNDLE_IDENTIFIER = com.funambol.skywinapp;
				PRODUCT_NAME = "$(TARGET_NAME)";
			};
			name = Release;
		};
		ABC3BDE21CF9EBD100281E93 /* Debug */ = {
			isa = XCBuildConfiguration;
			buildSettings = {
				BUNDLE_LOADER = "$(TEST_HOST)";
				INFOPLIST_FILE = skywinappTests/Info.plist;
				LD_RUNPATH_SEARCH_PATHS = "$(inherited) @executable_path/Frameworks @loader_path/Frameworks";
				PRODUCT_BUNDLE_IDENTIFIER = com.funambol.skywinappTests;
				PRODUCT_NAME = "$(TARGET_NAME)";
				TEST_HOST = "$(BUILT_PRODUCTS_DIR)/skywinapp.app/skywinapp";
			};
			name = Debug;
		};
		ABC3BDE31CF9EBD100281E93 /* Release */ = {
			isa = XCBuildConfiguration;
			buildSettings = {
				BUNDLE_LOADER = "$(TEST_HOST)";
				INFOPLIST_FILE = skywinappTests/Info.plist;
				LD_RUNPATH_SEARCH_PATHS = "$(inherited) @executable_path/Frameworks @loader_path/Frameworks";
				PRODUCT_BUNDLE_IDENTIFIER = com.funambol.skywinappTests;
				PRODUCT_NAME = "$(TARGET_NAME)";
				TEST_HOST = "$(BUILT_PRODUCTS_DIR)/skywinapp.app/skywinapp";
			};
			name = Release;
		};
		ABC3BDE51CF9EBD100281E93 /* Debug */ = {
			isa = XCBuildConfiguration;
			buildSettings = {
				INFOPLIST_FILE = skywinappUITests/Info.plist;
				LD_RUNPATH_SEARCH_PATHS = "$(inherited) @executable_path/Frameworks @loader_path/Frameworks";
				PRODUCT_BUNDLE_IDENTIFIER = com.funambol.skywinappUITests;
				PRODUCT_NAME = "$(TARGET_NAME)";
				TEST_TARGET_NAME = skywinapp;
			};
			name = Debug;
		};
		ABC3BDE61CF9EBD100281E93 /* Release */ = {
			isa = XCBuildConfiguration;
			buildSettings = {
				INFOPLIST_FILE = skywinappUITests/Info.plist;
				LD_RUNPATH_SEARCH_PATHS = "$(inherited) @executable_path/Frameworks @loader_path/Frameworks";
				PRODUCT_BUNDLE_IDENTIFIER = com.funambol.skywinappUITests;
				PRODUCT_NAME = "$(TARGET_NAME)";
				TEST_TARGET_NAME = skywinapp;
			};
			name = Release;
		};
/* End XCBuildConfiguration section */

/* Begin XCConfigurationList section */
		ABC3BDB11CF9EBD000281E93 /* Build configuration list for PBXProject "skywinapp" */ = {
			isa = XCConfigurationList;
			buildConfigurations = (
				ABC3BDDC1CF9EBD100281E93 /* Debug */,
				ABC3BDDD1CF9EBD100281E93 /* Release */,
			);
			defaultConfigurationIsVisible = 0;
			defaultConfigurationName = Release;
		};
		ABC3BDDE1CF9EBD100281E93 /* Build configuration list for PBXNativeTarget "skywinapp" */ = {
			isa = XCConfigurationList;
			buildConfigurations = (
				ABC3BDDF1CF9EBD100281E93 /* Debug */,
				ABC3BDE01CF9EBD100281E93 /* Release */,
			);
			defaultConfigurationIsVisible = 0;
			defaultConfigurationName = Release;
		};
		ABC3BDE11CF9EBD100281E93 /* Build configuration list for PBXNativeTarget "skywinappTests" */ = {
			isa = XCConfigurationList;
			buildConfigurations = (
				ABC3BDE21CF9EBD100281E93 /* Debug */,
				ABC3BDE31CF9EBD100281E93 /* Release */,
			);
			defaultConfigurationIsVisible = 0;
			defaultConfigurationName = Release;
		};
		ABC3BDE41CF9EBD100281E93 /* Build configuration list for PBXNativeTarget "skywinappUITests" */ = {
			isa = XCConfigurationList;
			buildConfigurations = (
				ABC3BDE51CF9EBD100281E93 /* Debug */,
				ABC3BDE61CF9EBD100281E93 /* Release */,
			);
			defaultConfigurationIsVisible = 0;
			defaultConfigurationName = Release;
		};
/* End XCConfigurationList section */
	};
	rootObject = ABC3BDAE1CF9EBD000281E93 /* Project object */;
}
